// !$*UTF8*$!
{
	archiveVersion = 1;
	classes = {
	};
	objectVersion = 77;
	objects = {

/* Begin PBXBuildFile section */
		0465BE20FB981980BF688D99 /* Pods_CoinAppTests.framework in Frameworks */ = {isa = PBXBuildFile; fileRef = 4B7F8799C80CFFB17A34CA66 /* Pods_CoinAppTests.framework */; };
		81C9E1992CFCE149002BB1FF /* SuperwallKit in Frameworks */ = {isa = PBXBuildFile; productRef = 81C9E1982CFCE149002BB1FF /* SuperwallKit */; };
		81C9E19C2CFD0128002BB1FF /* RevenueCat in Frameworks */ = {isa = PBXBuildFile; productRef = 81C9E19B2CFD0128002BB1FF /* RevenueCat */; };
		81C9E19E2CFD0128002BB1FF /* RevenueCatUI in Frameworks */ = {isa = PBXBuildFile; productRef = 81C9E19D2CFD0128002BB1FF /* RevenueCatUI */; };
		81E066742D06ED3E00D4BF85 /* StoreKit.framework in Frameworks */ = {isa = PBXBuildFile; fileRef = 81E066732D06ED3E00D4BF85 /* StoreKit.framework */; };
		81EBB1982CF9C9740097A472 /* SVGKit in Frameworks */ = {isa = PBXBuildFile; productRef = 81EBB1972CF9C9740097A472 /* SVGKit */; };
		81EBB19A2CF9C9740097A472 /* SVGKitSwift in Frameworks */ = {isa = PBXBuildFile; productRef = 81EBB1992CF9C9740097A472 /* SVGKitSwift */; };
		E68CD689247E66FD4BAFB71A /* Pods_CoinApp_CoinAppUITests.framework in Frameworks */ = {isa = PBXBuildFile; fileRef = 6E7C37BE0016EB02FDD00E12 /* Pods_CoinApp_CoinAppUITests.framework */; };
		EE170111A6CDAD9F8A7492F9 /* Pods_CoinApp.framework in Frameworks */ = {isa = PBXBuildFile; fileRef = 3CC6229D437D5951B058DE41 /* Pods_CoinApp.framework */; };
/* End PBXBuildFile section */

/* Begin PBXContainerItemProxy section */
		8131B06F2CF31740003A01B1 /* PBXContainerItemProxy */ = {
			isa = PBXContainerItemProxy;
			containerPortal = 8131B0562CF3173F003A01B1 /* Project object */;
			proxyType = 1;
			remoteGlobalIDString = 8131B05D2CF3173F003A01B1;
			remoteInfo = CoinApp;
		};
		8131B0792CF31740003A01B1 /* PBXContainerItemProxy */ = {
			isa = PBXContainerItemProxy;
			containerPortal = 8131B0562CF3173F003A01B1 /* Project object */;
			proxyType = 1;
			remoteGlobalIDString = 8131B05D2CF3173F003A01B1;
			remoteInfo = CoinApp;
		};
/* End PBXContainerItemProxy section */

/* Begin PBXFileReference section */
		3CC6229D437D5951B058DE41 /* Pods_CoinApp.framework */ = {isa = PBXFileReference; explicitFileType = wrapper.framework; includeInIndex = 0; path = Pods_CoinApp.framework; sourceTree = BUILT_PRODUCTS_DIR; };
		4B4918307A832A05654A8106 /* Pods-CoinApp.release.xcconfig */ = {isa = PBXFileReference; includeInIndex = 1; lastKnownFileType = text.xcconfig; name = "Pods-CoinApp.release.xcconfig"; path = "Target Support Files/Pods-CoinApp/Pods-CoinApp.release.xcconfig"; sourceTree = "<group>"; };
		4B7F8799C80CFFB17A34CA66 /* Pods_CoinAppTests.framework */ = {isa = PBXFileReference; explicitFileType = wrapper.framework; includeInIndex = 0; path = Pods_CoinAppTests.framework; sourceTree = BUILT_PRODUCTS_DIR; };
		52203E27CE658B4F0F687A4C /* Pods-CoinAppTests.release.xcconfig */ = {isa = PBXFileReference; includeInIndex = 1; lastKnownFileType = text.xcconfig; name = "Pods-CoinAppTests.release.xcconfig"; path = "Target Support Files/Pods-CoinAppTests/Pods-CoinAppTests.release.xcconfig"; sourceTree = "<group>"; };
		6E7C37BE0016EB02FDD00E12 /* Pods_CoinApp_CoinAppUITests.framework */ = {isa = PBXFileReference; explicitFileType = wrapper.framework; includeInIndex = 0; path = Pods_CoinApp_CoinAppUITests.framework; sourceTree = BUILT_PRODUCTS_DIR; };
		8131B05E2CF3173F003A01B1 /* CoinApp.app */ = {isa = PBXFileReference; explicitFileType = wrapper.application; includeInIndex = 0; path = CoinApp.app; sourceTree = BUILT_PRODUCTS_DIR; };
		8131B06E2CF31740003A01B1 /* CoinAppTests.xctest */ = {isa = PBXFileReference; explicitFileType = wrapper.cfbundle; includeInIndex = 0; path = CoinAppTests.xctest; sourceTree = BUILT_PRODUCTS_DIR; };
		8131B0782CF31740003A01B1 /* CoinAppUITests.xctest */ = {isa = PBXFileReference; explicitFileType = wrapper.cfbundle; includeInIndex = 0; path = CoinAppUITests.xctest; sourceTree = BUILT_PRODUCTS_DIR; };
		81E066732D06ED3E00D4BF85 /* StoreKit.framework */ = {isa = PBXFileReference; lastKnownFileType = wrapper.framework; name = StoreKit.framework; path = System/Library/Frameworks/StoreKit.framework; sourceTree = SDKROOT; };
		8EDF643DBF941FB35AF3D840 /* Pods-CoinApp-CoinAppUITests.release.xcconfig */ = {isa = PBXFileReference; includeInIndex = 1; lastKnownFileType = text.xcconfig; name = "Pods-CoinApp-CoinAppUITests.release.xcconfig"; path = "Target Support Files/Pods-CoinApp-CoinAppUITests/Pods-CoinApp-CoinAppUITests.release.xcconfig"; sourceTree = "<group>"; };
		B0FC4B4E8D255A9418753F21 /* Pods-CoinApp.debug.xcconfig */ = {isa = PBXFileReference; includeInIndex = 1; lastKnownFileType = text.xcconfig; name = "Pods-CoinApp.debug.xcconfig"; path = "Target Support Files/Pods-CoinApp/Pods-CoinApp.debug.xcconfig"; sourceTree = "<group>"; };
		B8DDFFACF5010D7FFCADC706 /* Pods-CoinApp-CoinAppUITests.debug.xcconfig */ = {isa = PBXFileReference; includeInIndex = 1; lastKnownFileType = text.xcconfig; name = "Pods-CoinApp-CoinAppUITests.debug.xcconfig"; path = "Target Support Files/Pods-CoinApp-CoinAppUITests/Pods-CoinApp-CoinAppUITests.debug.xcconfig"; sourceTree = "<group>"; };
		F050F24D2F9AC797FB456DAE /* Pods-CoinAppTests.debug.xcconfig */ = {isa = PBXFileReference; includeInIndex = 1; lastKnownFileType = text.xcconfig; name = "Pods-CoinAppTests.debug.xcconfig"; path = "Target Support Files/Pods-CoinAppTests/Pods-CoinAppTests.debug.xcconfig"; sourceTree = "<group>"; };
/* End PBXFileReference section */

/* Begin PBXFileSystemSynchronizedBuildFileExceptionSet section */
		814D04062CF910C700F7BC40 /* Exceptions for "CoinApp" folder in "CoinApp" target */ = {
			isa = PBXFileSystemSynchronizedBuildFileExceptionSet;
			membershipExceptions = (
				Info.plist,
			);
			target = 8131B05D2CF3173F003A01B1 /* CoinApp */;
		};
/* End PBXFileSystemSynchronizedBuildFileExceptionSet section */

/* Begin PBXFileSystemSynchronizedRootGroup section */
		8131B0602CF3173F003A01B1 /* CoinApp */ = {
			isa = PBXFileSystemSynchronizedRootGroup;
			exceptions = (
				814D04062CF910C700F7BC40 /* Exceptions for "CoinApp" folder in "CoinApp" target */,
			);
			path = CoinApp;
			sourceTree = "<group>";
		};
		8131B0712CF31740003A01B1 /* CoinAppTests */ = {
			isa = PBXFileSystemSynchronizedRootGroup;
			path = CoinAppTests;
			sourceTree = "<group>";
		};
		8131B07B2CF31740003A01B1 /* CoinAppUITests */ = {
			isa = PBXFileSystemSynchronizedRootGroup;
			path = CoinAppUITests;
			sourceTree = "<group>";
		};
/* End PBXFileSystemSynchronizedRootGroup section */

/* Begin PBXFrameworksBuildPhase section */
		8131B05B2CF3173F003A01B1 /* Frameworks */ = {
			isa = PBXFrameworksBuildPhase;
			buildActionMask = 2147483647;
			files = (
				81C9E19C2CFD0128002BB1FF /* RevenueCat in Frameworks */,
				81E066742D06ED3E00D4BF85 /* StoreKit.framework in Frameworks */,
				81EBB19A2CF9C9740097A472 /* SVGKitSwift in Frameworks */,
				81EBB1982CF9C9740097A472 /* SVGKit in Frameworks */,
				81C9E19E2CFD0128002BB1FF /* RevenueCatUI in Frameworks */,
				81C9E1992CFCE149002BB1FF /* SuperwallKit in Frameworks */,
				EE170111A6CDAD9F8A7492F9 /* Pods_CoinApp.framework in Frameworks */,
			);
			runOnlyForDeploymentPostprocessing = 0;
		};
		8131B06B2CF31740003A01B1 /* Frameworks */ = {
			isa = PBXFrameworksBuildPhase;
			buildActionMask = 2147483647;
			files = (
				0465BE20FB981980BF688D99 /* Pods_CoinAppTests.framework in Frameworks */,
			);
			runOnlyForDeploymentPostprocessing = 0;
		};
		8131B0752CF31740003A01B1 /* Frameworks */ = {
			isa = PBXFrameworksBuildPhase;
			buildActionMask = 2147483647;
			files = (
				E68CD689247E66FD4BAFB71A /* Pods_CoinApp_CoinAppUITests.framework in Frameworks */,
			);
			runOnlyForDeploymentPostprocessing = 0;
		};
/* End PBXFrameworksBuildPhase section */

/* Begin PBXGroup section */
		141EBAD2D116E171FBDA28E4 /* Pods */ = {
			isa = PBXGroup;
			children = (
				B0FC4B4E8D255A9418753F21 /* Pods-CoinApp.debug.xcconfig */,
				4B4918307A832A05654A8106 /* Pods-CoinApp.release.xcconfig */,
				B8DDFFACF5010D7FFCADC706 /* Pods-CoinApp-CoinAppUITests.debug.xcconfig */,
				8EDF643DBF941FB35AF3D840 /* Pods-CoinApp-CoinAppUITests.release.xcconfig */,
				F050F24D2F9AC797FB456DAE /* Pods-CoinAppTests.debug.xcconfig */,
				52203E27CE658B4F0F687A4C /* Pods-CoinAppTests.release.xcconfig */,
			);
			path = Pods;
			sourceTree = "<group>";
		};
		65337F086940FEDD2A64E086 /* Frameworks */ = {
			isa = PBXGroup;
			children = (
				81E066732D06ED3E00D4BF85 /* StoreKit.framework */,
				3CC6229D437D5951B058DE41 /* Pods_CoinApp.framework */,
				6E7C37BE0016EB02FDD00E12 /* Pods_CoinApp_CoinAppUITests.framework */,
				4B7F8799C80CFFB17A34CA66 /* Pods_CoinAppTests.framework */,
			);
			name = Frameworks;
			sourceTree = "<group>";
		};
		8131B0552CF3173F003A01B1 = {
			isa = PBXGroup;
			children = (
				8131B0602CF3173F003A01B1 /* CoinApp */,
				8131B0712CF31740003A01B1 /* CoinAppTests */,
				8131B07B2CF31740003A01B1 /* CoinAppUITests */,
				8131B05F2CF3173F003A01B1 /* Products */,
				65337F086940FEDD2A64E086 /* Frameworks */,
				141EBAD2D116E171FBDA28E4 /* Pods */,
			);
			sourceTree = "<group>";
		};
		8131B05F2CF3173F003A01B1 /* Products */ = {
			isa = PBXGroup;
			children = (
				8131B05E2CF3173F003A01B1 /* CoinApp.app */,
				8131B06E2CF31740003A01B1 /* CoinAppTests.xctest */,
				8131B0782CF31740003A01B1 /* CoinAppUITests.xctest */,
			);
			name = Products;
			sourceTree = "<group>";
		};
/* End PBXGroup section */

/* Begin PBXNativeTarget section */
		8131B05D2CF3173F003A01B1 /* CoinApp */ = {
			isa = PBXNativeTarget;
			buildConfigurationList = 8131B0822CF31740003A01B1 /* Build configuration list for PBXNativeTarget "CoinApp" */;
			buildPhases = (
				CFA1F7AA1B96642B87869E4A /* [CP] Check Pods Manifest.lock */,
				8131B05A2CF3173F003A01B1 /* Sources */,
				8131B05B2CF3173F003A01B1 /* Frameworks */,
				8131B05C2CF3173F003A01B1 /* Resources */,
			);
			buildRules = (
			);
			dependencies = (
			);
			fileSystemSynchronizedGroups = (
				8131B0602CF3173F003A01B1 /* CoinApp */,
			);
			name = CoinApp;
			packageProductDependencies = (
				81EBB1972CF9C9740097A472 /* SVGKit */,
				81EBB1992CF9C9740097A472 /* SVGKitSwift */,
				81C9E1982CFCE149002BB1FF /* SuperwallKit */,
				81C9E19B2CFD0128002BB1FF /* RevenueCat */,
				81C9E19D2CFD0128002BB1FF /* RevenueCatUI */,
			);
			productName = CoinApp;
			productReference = 8131B05E2CF3173F003A01B1 /* CoinApp.app */;
			productType = "com.apple.product-type.application";
		};
		8131B06D2CF31740003A01B1 /* CoinAppTests */ = {
			isa = PBXNativeTarget;
			buildConfigurationList = 8131B0852CF31740003A01B1 /* Build configuration list for PBXNativeTarget "CoinAppTests" */;
			buildPhases = (
				F395457242646541A8CA87EE /* [CP] Check Pods Manifest.lock */,
				8131B06A2CF31740003A01B1 /* Sources */,
				8131B06B2CF31740003A01B1 /* Frameworks */,
				8131B06C2CF31740003A01B1 /* Resources */,
			);
			buildRules = (
			);
			dependencies = (
				8131B0702CF31740003A01B1 /* PBXTargetDependency */,
			);
			fileSystemSynchronizedGroups = (
				8131B0712CF31740003A01B1 /* CoinAppTests */,
			);
			name = CoinAppTests;
			productName = CoinAppTests;
			productReference = 8131B06E2CF31740003A01B1 /* CoinAppTests.xctest */;
			productType = "com.apple.product-type.bundle.unit-test";
		};
		8131B0772CF31740003A01B1 /* CoinAppUITests */ = {
			isa = PBXNativeTarget;
			buildConfigurationList = 8131B0882CF31740003A01B1 /* Build configuration list for PBXNativeTarget "CoinAppUITests" */;
			buildPhases = (
				429E6FAB3B81BF22185961CC /* [CP] Check Pods Manifest.lock */,
				8131B0742CF31740003A01B1 /* Sources */,
				8131B0752CF31740003A01B1 /* Frameworks */,
				8131B0762CF31740003A01B1 /* Resources */,
			);
			buildRules = (
			);
			dependencies = (
				8131B07A2CF31740003A01B1 /* PBXTargetDependency */,
			);
			fileSystemSynchronizedGroups = (
				8131B07B2CF31740003A01B1 /* CoinAppUITests */,
			);
			name = CoinAppUITests;
			productName = CoinAppUITests;
			productReference = 8131B0782CF31740003A01B1 /* CoinAppUITests.xctest */;
			productType = "com.apple.product-type.bundle.ui-testing";
		};
/* End PBXNativeTarget section */

/* Begin PBXProject section */
		8131B0562CF3173F003A01B1 /* Project object */ = {
			isa = PBXProject;
			attributes = {
				BuildIndependentTargetsInParallel = 1;
				LastSwiftUpdateCheck = 1610;
				LastUpgradeCheck = 1610;
				TargetAttributes = {
					8131B05D2CF3173F003A01B1 = {
						CreatedOnToolsVersion = 16.1;
					};
					8131B06D2CF31740003A01B1 = {
						CreatedOnToolsVersion = 16.1;
						TestTargetID = 8131B05D2CF3173F003A01B1;
					};
					8131B0772CF31740003A01B1 = {
						CreatedOnToolsVersion = 16.1;
						TestTargetID = 8131B05D2CF3173F003A01B1;
					};
				};
			};
			buildConfigurationList = 8131B0592CF3173F003A01B1 /* Build configuration list for PBXProject "CoinApp" */;
			developmentRegion = en;
			hasScannedForEncodings = 0;
			knownRegions = (
				en,
				Base,
			);
			mainGroup = 8131B0552CF3173F003A01B1;
			minimizedProjectReferenceProxies = 1;
			packageReferences = (
				81EBB1962CF9C9320097A472 /* XCRemoteSwiftPackageReference "SVGKit" */,
				81C9E1972CFCE149002BB1FF /* XCRemoteSwiftPackageReference "Superwall-iOS" */,
				81C9E19A2CFD0128002BB1FF /* XCRemoteSwiftPackageReference "purchases-ios-spm" */,
			);
			preferredProjectObjectVersion = 77;
			productRefGroup = 8131B05F2CF3173F003A01B1 /* Products */;
			projectDirPath = "";
			projectRoot = "";
			targets = (
				8131B05D2CF3173F003A01B1 /* CoinApp */,
				8131B06D2CF31740003A01B1 /* CoinAppTests */,
				8131B0772CF31740003A01B1 /* CoinAppUITests */,
			);
		};
/* End PBXProject section */

/* Begin PBXResourcesBuildPhase section */
		8131B05C2CF3173F003A01B1 /* Resources */ = {
			isa = PBXResourcesBuildPhase;
			buildActionMask = 2147483647;
			files = (
			);
			runOnlyForDeploymentPostprocessing = 0;
		};
		8131B06C2CF31740003A01B1 /* Resources */ = {
			isa = PBXResourcesBuildPhase;
			buildActionMask = 2147483647;
			files = (
			);
			runOnlyForDeploymentPostprocessing = 0;
		};
		8131B0762CF31740003A01B1 /* Resources */ = {
			isa = PBXResourcesBuildPhase;
			buildActionMask = 2147483647;
			files = (
			);
			runOnlyForDeploymentPostprocessing = 0;
		};
/* End PBXResourcesBuildPhase section */

/* Begin PBXShellScriptBuildPhase section */
		429E6FAB3B81BF22185961CC /* [CP] Check Pods Manifest.lock */ = {
			isa = PBXShellScriptBuildPhase;
			buildActionMask = 2147483647;
			files = (
			);
			inputFileListPaths = (
			);
			inputPaths = (
				"${PODS_PODFILE_DIR_PATH}/Podfile.lock",
				"${PODS_ROOT}/Manifest.lock",
			);
			name = "[CP] Check Pods Manifest.lock";
			outputFileListPaths = (
			);
			outputPaths = (
				"$(DERIVED_FILE_DIR)/Pods-CoinApp-CoinAppUITests-checkManifestLockResult.txt",
			);
			runOnlyForDeploymentPostprocessing = 0;
			shellPath = /bin/sh;
			shellScript = "diff \"${PODS_PODFILE_DIR_PATH}/Podfile.lock\" \"${PODS_ROOT}/Manifest.lock\" > /dev/null\nif [ $? != 0 ] ; then\n    # print error to STDERR\n    echo \"error: The sandbox is not in sync with the Podfile.lock. Run 'pod install' or update your CocoaPods installation.\" >&2\n    exit 1\nfi\n# This output is used by Xcode 'outputs' to avoid re-running this script phase.\necho \"SUCCESS\" > \"${SCRIPT_OUTPUT_FILE_0}\"\n";
			showEnvVarsInLog = 0;
		};
		CFA1F7AA1B96642B87869E4A /* [CP] Check Pods Manifest.lock */ = {
			isa = PBXShellScriptBuildPhase;
			buildActionMask = 2147483647;
			files = (
			);
			inputFileListPaths = (
			);
			inputPaths = (
				"${PODS_PODFILE_DIR_PATH}/Podfile.lock",
				"${PODS_ROOT}/Manifest.lock",
			);
			name = "[CP] Check Pods Manifest.lock";
			outputFileListPaths = (
			);
			outputPaths = (
				"$(DERIVED_FILE_DIR)/Pods-CoinApp-checkManifestLockResult.txt",
			);
			runOnlyForDeploymentPostprocessing = 0;
			shellPath = /bin/sh;
			shellScript = "diff \"${PODS_PODFILE_DIR_PATH}/Podfile.lock\" \"${PODS_ROOT}/Manifest.lock\" > /dev/null\nif [ $? != 0 ] ; then\n    # print error to STDERR\n    echo \"error: The sandbox is not in sync with the Podfile.lock. Run 'pod install' or update your CocoaPods installation.\" >&2\n    exit 1\nfi\n# This output is used by Xcode 'outputs' to avoid re-running this script phase.\necho \"SUCCESS\" > \"${SCRIPT_OUTPUT_FILE_0}\"\n";
			showEnvVarsInLog = 0;
		};
		F395457242646541A8CA87EE /* [CP] Check Pods Manifest.lock */ = {
			isa = PBXShellScriptBuildPhase;
			buildActionMask = 2147483647;
			files = (
			);
			inputFileListPaths = (
			);
			inputPaths = (
				"${PODS_PODFILE_DIR_PATH}/Podfile.lock",
				"${PODS_ROOT}/Manifest.lock",
			);
			name = "[CP] Check Pods Manifest.lock";
			outputFileListPaths = (
			);
			outputPaths = (
				"$(DERIVED_FILE_DIR)/Pods-CoinAppTests-checkManifestLockResult.txt",
			);
			runOnlyForDeploymentPostprocessing = 0;
			shellPath = /bin/sh;
			shellScript = "diff \"${PODS_PODFILE_DIR_PATH}/Podfile.lock\" \"${PODS_ROOT}/Manifest.lock\" > /dev/null\nif [ $? != 0 ] ; then\n    # print error to STDERR\n    echo \"error: The sandbox is not in sync with the Podfile.lock. Run 'pod install' or update your CocoaPods installation.\" >&2\n    exit 1\nfi\n# This output is used by Xcode 'outputs' to avoid re-running this script phase.\necho \"SUCCESS\" > \"${SCRIPT_OUTPUT_FILE_0}\"\n";
			showEnvVarsInLog = 0;
		};
/* End PBXShellScriptBuildPhase section */

/* Begin PBXSourcesBuildPhase section */
		8131B05A2CF3173F003A01B1 /* Sources */ = {
			isa = PBXSourcesBuildPhase;
			buildActionMask = 2147483647;
			files = (
			);
			runOnlyForDeploymentPostprocessing = 0;
		};
		8131B06A2CF31740003A01B1 /* Sources */ = {
			isa = PBXSourcesBuildPhase;
			buildActionMask = 2147483647;
			files = (
			);
			runOnlyForDeploymentPostprocessing = 0;
		};
		8131B0742CF31740003A01B1 /* Sources */ = {
			isa = PBXSourcesBuildPhase;
			buildActionMask = 2147483647;
			files = (
			);
			runOnlyForDeploymentPostprocessing = 0;
		};
/* End PBXSourcesBuildPhase section */

/* Begin PBXTargetDependency section */
		8131B0702CF31740003A01B1 /* PBXTargetDependency */ = {
			isa = PBXTargetDependency;
			target = 8131B05D2CF3173F003A01B1 /* CoinApp */;
			targetProxy = 8131B06F2CF31740003A01B1 /* PBXContainerItemProxy */;
		};
		8131B07A2CF31740003A01B1 /* PBXTargetDependency */ = {
			isa = PBXTargetDependency;
			target = 8131B05D2CF3173F003A01B1 /* CoinApp */;
			targetProxy = 8131B0792CF31740003A01B1 /* PBXContainerItemProxy */;
		};
/* End PBXTargetDependency section */

/* Begin XCBuildConfiguration section */
		8131B0802CF31740003A01B1 /* Debug */ = {
			isa = XCBuildConfiguration;
			buildSettings = {
				ALWAYS_SEARCH_USER_PATHS = NO;
				ASSETCATALOG_COMPILER_GENERATE_SWIFT_ASSET_SYMBOL_EXTENSIONS = YES;
				CLANG_ANALYZER_NONNULL = YES;
				CLANG_ANALYZER_NUMBER_OBJECT_CONVERSION = YES_AGGRESSIVE;
				CLANG_CXX_LANGUAGE_STANDARD = "gnu++20";
				CLANG_ENABLE_MODULES = YES;
				CLANG_ENABLE_OBJC_ARC = YES;
				CLANG_ENABLE_OBJC_WEAK = YES;
				CLANG_WARN_BLOCK_CAPTURE_AUTORELEASING = YES;
				CLANG_WARN_BOOL_CONVERSION = YES;
				CLANG_WARN_COMMA = YES;
				CLANG_WARN_CONSTANT_CONVERSION = YES;
				CLANG_WARN_DEPRECATED_OBJC_IMPLEMENTATIONS = YES;
				CLANG_WARN_DIRECT_OBJC_ISA_USAGE = YES_ERROR;
				CLANG_WARN_DOCUMENTATION_COMMENTS = YES;
				CLANG_WARN_EMPTY_BODY = YES;
				CLANG_WARN_ENUM_CONVERSION = YES;
				CLANG_WARN_INFINITE_RECURSION = YES;
				CLANG_WARN_INT_CONVERSION = YES;
				CLANG_WARN_NON_LITERAL_NULL_CONVERSION = YES;
				CLANG_WARN_OBJC_IMPLICIT_RETAIN_SELF = YES;
				CLANG_WARN_OBJC_LITERAL_CONVERSION = YES;
				CLANG_WARN_OBJC_ROOT_CLASS = YES_ERROR;
				CLANG_WARN_QUOTED_INCLUDE_IN_FRAMEWORK_HEADER = YES;
				CLANG_WARN_RANGE_LOOP_ANALYSIS = YES;
				CLANG_WARN_STRICT_PROTOTYPES = YES;
				CLANG_WARN_SUSPICIOUS_MOVE = YES;
				CLANG_WARN_UNGUARDED_AVAILABILITY = YES_AGGRESSIVE;
				CLANG_WARN_UNREACHABLE_CODE = YES;
				CLANG_WARN__DUPLICATE_METHOD_MATCH = YES;
				COPY_PHASE_STRIP = NO;
				DEBUG_INFORMATION_FORMAT = dwarf;
				ENABLE_STRICT_OBJC_MSGSEND = YES;
				ENABLE_TESTABILITY = YES;
				ENABLE_USER_SCRIPT_SANDBOXING = YES;
				GCC_C_LANGUAGE_STANDARD = gnu17;
				GCC_DYNAMIC_NO_PIC = NO;
				GCC_NO_COMMON_BLOCKS = YES;
				GCC_OPTIMIZATION_LEVEL = 0;
				GCC_PREPROCESSOR_DEFINITIONS = (
					"DEBUG=1",
					"$(inherited)",
				);
				GCC_WARN_64_TO_32_BIT_CONVERSION = YES;
				GCC_WARN_ABOUT_RETURN_TYPE = YES_ERROR;
				GCC_WARN_UNDECLARED_SELECTOR = YES;
				GCC_WARN_UNINITIALIZED_AUTOS = YES_AGGRESSIVE;
				GCC_WARN_UNUSED_FUNCTION = YES;
				GCC_WARN_UNUSED_VARIABLE = YES;
				IPHONEOS_DEPLOYMENT_TARGET = 18.1;
				LOCALIZATION_PREFERS_STRING_CATALOGS = YES;
				MTL_ENABLE_DEBUG_INFO = INCLUDE_SOURCE;
				MTL_FAST_MATH = YES;
				ONLY_ACTIVE_ARCH = YES;
				SDKROOT = iphoneos;
				SWIFT_ACTIVE_COMPILATION_CONDITIONS = "DEBUG $(inherited)";
				SWIFT_OPTIMIZATION_LEVEL = "-Onone";
			};
			name = Debug;
		};
		8131B0812CF31740003A01B1 /* Release */ = {
			isa = XCBuildConfiguration;
			buildSettings = {
				ALWAYS_SEARCH_USER_PATHS = NO;
				ASSETCATALOG_COMPILER_GENERATE_SWIFT_ASSET_SYMBOL_EXTENSIONS = YES;
				CLANG_ANALYZER_NONNULL = YES;
				CLANG_ANALYZER_NUMBER_OBJECT_CONVERSION = YES_AGGRESSIVE;
				CLANG_CXX_LANGUAGE_STANDARD = "gnu++20";
				CLANG_ENABLE_MODULES = YES;
				CLANG_ENABLE_OBJC_ARC = YES;
				CLANG_ENABLE_OBJC_WEAK = YES;
				CLANG_WARN_BLOCK_CAPTURE_AUTORELEASING = YES;
				CLANG_WARN_BOOL_CONVERSION = YES;
				CLANG_WARN_COMMA = YES;
				CLANG_WARN_CONSTANT_CONVERSION = YES;
				CLANG_WARN_DEPRECATED_OBJC_IMPLEMENTATIONS = YES;
				CLANG_WARN_DIRECT_OBJC_ISA_USAGE = YES_ERROR;
				CLANG_WARN_DOCUMENTATION_COMMENTS = YES;
				CLANG_WARN_EMPTY_BODY = YES;
				CLANG_WARN_ENUM_CONVERSION = YES;
				CLANG_WARN_INFINITE_RECURSION = YES;
				CLANG_WARN_INT_CONVERSION = YES;
				CLANG_WARN_NON_LITERAL_NULL_CONVERSION = YES;
				CLANG_WARN_OBJC_IMPLICIT_RETAIN_SELF = YES;
				CLANG_WARN_OBJC_LITERAL_CONVERSION = YES;
				CLANG_WARN_OBJC_ROOT_CLASS = YES_ERROR;
				CLANG_WARN_QUOTED_INCLUDE_IN_FRAMEWORK_HEADER = YES;
				CLANG_WARN_RANGE_LOOP_ANALYSIS = YES;
				CLANG_WARN_STRICT_PROTOTYPES = YES;
				CLANG_WARN_SUSPICIOUS_MOVE = YES;
				CLANG_WARN_UNGUARDED_AVAILABILITY = YES_AGGRESSIVE;
				CLANG_WARN_UNREACHABLE_CODE = YES;
				CLANG_WARN__DUPLICATE_METHOD_MATCH = YES;
				COPY_PHASE_STRIP = NO;
				DEBUG_INFORMATION_FORMAT = "dwarf-with-dsym";
				ENABLE_NS_ASSERTIONS = NO;
				ENABLE_STRICT_OBJC_MSGSEND = YES;
				ENABLE_USER_SCRIPT_SANDBOXING = YES;
				GCC_C_LANGUAGE_STANDARD = gnu17;
				GCC_NO_COMMON_BLOCKS = YES;
				GCC_WARN_64_TO_32_BIT_CONVERSION = YES;
				GCC_WARN_ABOUT_RETURN_TYPE = YES_ERROR;
				GCC_WARN_UNDECLARED_SELECTOR = YES;
				GCC_WARN_UNINITIALIZED_AUTOS = YES_AGGRESSIVE;
				GCC_WARN_UNUSED_FUNCTION = YES;
				GCC_WARN_UNUSED_VARIABLE = YES;
				IPHONEOS_DEPLOYMENT_TARGET = 18.1;
				LOCALIZATION_PREFERS_STRING_CATALOGS = YES;
				MTL_ENABLE_DEBUG_INFO = NO;
				MTL_FAST_MATH = YES;
				SDKROOT = iphoneos;
				SWIFT_COMPILATION_MODE = wholemodule;
				VALIDATE_PRODUCT = YES;
			};
			name = Release;
		};
		8131B0832CF31740003A01B1 /* Debug */ = {
			isa = XCBuildConfiguration;
			baseConfigurationReference = B0FC4B4E8D255A9418753F21 /* Pods-CoinApp.debug.xcconfig */;
			buildSettings = {
				ASSETCATALOG_COMPILER_APPICON_NAME = AppIcon;
				ASSETCATALOG_COMPILER_GLOBAL_ACCENT_COLOR_NAME = MainAppColor;
				ASSETCATALOG_COMPILER_INCLUDE_ALL_APPICON_ASSETS = YES;
				CODE_SIGN_STYLE = Automatic;
				CURRENT_PROJECT_VERSION = 5;
				DEVELOPMENT_ASSET_PATHS = "\"CoinApp/Preview Content\"";
				DEVELOPMENT_TEAM = VGKDATW82L;
				ENABLE_PREVIEWS = YES;
				GENERATE_INFOPLIST_FILE = YES;
				INFOPLIST_FILE = CoinApp/Info.plist;
				INFOPLIST_KEY_CFBundleDisplayName = "Meme AI";
				INFOPLIST_KEY_LSApplicationCategoryType = "public.app-category.finance";
				INFOPLIST_KEY_NSCameraUsageDescription = "We need access to your camera to allow you to take photos for analysis.";
				INFOPLIST_KEY_NSPhotoLibraryUsageDescription = "We need access to your photo library to allow you to select images for analysis.";
				INFOPLIST_KEY_UIApplicationSceneManifest_Generation = YES;
				INFOPLIST_KEY_UIApplicationSupportsIndirectInputEvents = YES;
				INFOPLIST_KEY_UISupportedInterfaceOrientations = "UIInterfaceOrientationPortrait UIInterfaceOrientationPortraitUpsideDown";
				IPHONEOS_DEPLOYMENT_TARGET = 16.0;
				LD_RUNPATH_SEARCH_PATHS = (
					"$(inherited)",
					"@executable_path/Frameworks",
				);
				MARKETING_VERSION = 1.0.4;
				PRODUCT_BUNDLE_IDENTIFIER = com.codbun.meme.ai;
				PRODUCT_NAME = "$(TARGET_NAME)";
				SWIFT_EMIT_LOC_STRINGS = YES;
				SWIFT_VERSION = 5.0;
				TARGETED_DEVICE_FAMILY = "1,2";
			};
			name = Debug;
		};
		8131B0842CF31740003A01B1 /* Release */ = {
			isa = XCBuildConfiguration;
			baseConfigurationReference = 4B4918307A832A05654A8106 /* Pods-CoinApp.release.xcconfig */;
			buildSettings = {
				ASSETCATALOG_COMPILER_APPICON_NAME = AppIcon;
				ASSETCATALOG_COMPILER_GLOBAL_ACCENT_COLOR_NAME = MainAppColor;
				ASSETCATALOG_COMPILER_INCLUDE_ALL_APPICON_ASSETS = YES;
				CODE_SIGN_STYLE = Automatic;
				CURRENT_PROJECT_VERSION = 5;
				DEVELOPMENT_ASSET_PATHS = "\"CoinApp/Preview Content\"";
				DEVELOPMENT_TEAM = LFM9U35578;
				ENABLE_PREVIEWS = YES;
				GENERATE_INFOPLIST_FILE = YES;
				INFOPLIST_FILE = CoinApp/Info.plist;
				INFOPLIST_KEY_CFBundleDisplayName = "Meme AI";
				INFOPLIST_KEY_LSApplicationCategoryType = "public.app-category.finance";
				INFOPLIST_KEY_NSCameraUsageDescription = "We need access to your camera to allow you to take photos for analysis.";
				INFOPLIST_KEY_NSPhotoLibraryUsageDescription = "We need access to your photo library to allow you to select images for analysis.";
				INFOPLIST_KEY_UIApplicationSceneManifest_Generation = YES;
				INFOPLIST_KEY_UIApplicationSupportsIndirectInputEvents = YES;
				INFOPLIST_KEY_UISupportedInterfaceOrientations = "UIInterfaceOrientationPortrait UIInterfaceOrientationPortraitUpsideDown";
				IPHONEOS_DEPLOYMENT_TARGET = 16.0;
				LD_RUNPATH_SEARCH_PATHS = (
					"$(inherited)",
					"@executable_path/Frameworks",
				);
				MARKETING_VERSION = 1.0.4;
				PRODUCT_BUNDLE_IDENTIFIER = com.codbun.meme.ai;
				PRODUCT_NAME = "$(TARGET_NAME)";
				SWIFT_EMIT_LOC_STRINGS = YES;
				SWIFT_VERSION = 5.0;
				TARGETED_DEVICE_FAMILY = "1,2";
			};
			name = Release;
		};
		8131B0862CF31740003A01B1 /* Debug */ = {
			isa = XCBuildConfiguration;
			baseConfigurationReference = F050F24D2F9AC797FB456DAE /* Pods-CoinAppTests.debug.xcconfig */;
			buildSettings = {
				BUNDLE_LOADER = "$(TEST_HOST)";
				CODE_SIGN_STYLE = Automatic;
				CURRENT_PROJECT_VERSION = 1;
				DEVELOPMENT_TEAM = LFM9U35578;
				GENERATE_INFOPLIST_FILE = YES;
				IPHONEOS_DEPLOYMENT_TARGET = 18.1;
				MARKETING_VERSION = 1.0;
				PRODUCT_BUNDLE_IDENTIFIER = com.goatapps.CoinAppTests;
				PRODUCT_NAME = "$(TARGET_NAME)";
				SWIFT_EMIT_LOC_STRINGS = NO;
				SWIFT_VERSION = 5.0;
				TARGETED_DEVICE_FAMILY = "1,2";
				TEST_HOST = "$(BUILT_PRODUCTS_DIR)/CoinApp.app/$(BUNDLE_EXECUTABLE_FOLDER_PATH)/CoinApp";
			};
			name = Debug;
		};
		8131B0872CF31740003A01B1 /* Release */ = {
			isa = XCBuildConfiguration;
			baseConfigurationReference = 52203E27CE658B4F0F687A4C /* Pods-CoinAppTests.release.xcconfig */;
			buildSettings = {
				BUNDLE_LOADER = "$(TEST_HOST)";
				CODE_SIGN_STYLE = Automatic;
				CURRENT_PROJECT_VERSION = 1;
				DEVELOPMENT_TEAM = LFM9U35578;
				GENERATE_INFOPLIST_FILE = YES;
				IPHONEOS_DEPLOYMENT_TARGET = 18.1;
				MARKETING_VERSION = 1.0;
				PRODUCT_BUNDLE_IDENTIFIER = com.goatapps.CoinAppTests;
				PRODUCT_NAME = "$(TARGET_NAME)";
				SWIFT_EMIT_LOC_STRINGS = NO;
				SWIFT_VERSION = 5.0;
				TARGETED_DEVICE_FAMILY = "1,2";
				TEST_HOST = "$(BUILT_PRODUCTS_DIR)/CoinApp.app/$(BUNDLE_EXECUTABLE_FOLDER_PATH)/CoinApp";
			};
			name = Release;
		};
		8131B0892CF31740003A01B1 /* Debug */ = {
			isa = XCBuildConfiguration;
			baseConfigurationReference = B8DDFFACF5010D7FFCADC706 /* Pods-CoinApp-CoinAppUITests.debug.xcconfig */;
			buildSettings = {
				CODE_SIGN_STYLE = Automatic;
				CURRENT_PROJECT_VERSION = 1;
				DEVELOPMENT_TEAM = LFM9U35578;
				GENERATE_INFOPLIST_FILE = YES;
				MARKETING_VERSION = 1.0;
				PRODUCT_BUNDLE_IDENTIFIER = com.goatapps.CoinAppUITests;
				PRODUCT_NAME = "$(TARGET_NAME)";
				SWIFT_EMIT_LOC_STRINGS = NO;
				SWIFT_VERSION = 5.0;
				TARGETED_DEVICE_FAMILY = "1,2";
				TEST_TARGET_NAME = CoinApp;
			};
			name = Debug;
		};
		8131B08A2CF31740003A01B1 /* Release */ = {
			isa = XCBuildConfiguration;
			baseConfigurationReference = 8EDF643DBF941FB35AF3D840 /* Pods-CoinApp-CoinAppUITests.release.xcconfig */;
			buildSettings = {
				CODE_SIGN_STYLE = Automatic;
				CURRENT_PROJECT_VERSION = 1;
				DEVELOPMENT_TEAM = LFM9U35578;
				GENERATE_INFOPLIST_FILE = YES;
				MARKETING_VERSION = 1.0;
				PRODUCT_BUNDLE_IDENTIFIER = com.goatapps.CoinAppUITests;
				PRODUCT_NAME = "$(TARGET_NAME)";
				SWIFT_EMIT_LOC_STRINGS = NO;
				SWIFT_VERSION = 5.0;
				TARGETED_DEVICE_FAMILY = "1,2";
				TEST_TARGET_NAME = CoinApp;
			};
			name = Release;
		};
/* End XCBuildConfiguration section */

/* Begin XCConfigurationList section */
		8131B0592CF3173F003A01B1 /* Build configuration list for PBXProject "CoinApp" */ = {
			isa = XCConfigurationList;
			buildConfigurations = (
				8131B0802CF31740003A01B1 /* Debug */,
				8131B0812CF31740003A01B1 /* Release */,
			);
			defaultConfigurationIsVisible = 0;
			defaultConfigurationName = Release;
		};
		8131B0822CF31740003A01B1 /* Build configuration list for PBXNativeTarget "CoinApp" */ = {
			isa = XCConfigurationList;
			buildConfigurations = (
				8131B0832CF31740003A01B1 /* Debug */,
				8131B0842CF31740003A01B1 /* Release */,
			);
			defaultConfigurationIsVisible = 0;
			defaultConfigurationName = Release;
		};
		8131B0852CF31740003A01B1 /* Build configuration list for PBXNativeTarget "CoinAppTests" */ = {
			isa = XCConfigurationList;
			buildConfigurations = (
				8131B0862CF31740003A01B1 /* Debug */,
				8131B0872CF31740003A01B1 /* Release */,
			);
			defaultConfigurationIsVisible = 0;
			defaultConfigurationName = Release;
		};
		8131B0882CF31740003A01B1 /* Build configuration list for PBXNativeTarget "CoinAppUITests" */ = {
			isa = XCConfigurationList;
			buildConfigurations = (
				8131B0892CF31740003A01B1 /* Debug */,
				8131B08A2CF31740003A01B1 /* Release */,
			);
			defaultConfigurationIsVisible = 0;
			defaultConfigurationName = Release;
		};
/* End XCConfigurationList section */

/* Begin XCRemoteSwiftPackageReference section */
		81C9E1972CFCE149002BB1FF /* XCRemoteSwiftPackageReference "Superwall-iOS" */ = {
			isa = XCRemoteSwiftPackageReference;
			repositoryURL = "https://github.com/superwall/Superwall-iOS";
			requirement = {
				kind = upToNextMajorVersion;
				minimumVersion = 3.12.0;
			};
		};
		81C9E19A2CFD0128002BB1FF /* XCRemoteSwiftPackageReference "purchases-ios-spm" */ = {
			isa = XCRemoteSwiftPackageReference;
			repositoryURL = "https://github.com/RevenueCat/purchases-ios-spm.git";
			requirement = {
				kind = upToNextMajorVersion;
				minimumVersion = 5.0.0;
			};
		};
		81EBB1962CF9C9320097A472 /* XCRemoteSwiftPackageReference "SVGKit" */ = {
			isa = XCRemoteSwiftPackageReference;
			repositoryURL = "https://github.com/SVGKit/SVGKit";
			requirement = {
				kind = upToNextMajorVersion;
				minimumVersion = 3.0.0;
			};
		};
/* End XCRemoteSwiftPackageReference section */

/* Begin XCSwiftPackageProductDependency section */
		81C9E1982CFCE149002BB1FF /* SuperwallKit */ = {
			isa = XCSwiftPackageProductDependency;
			package = 81C9E1972CFCE149002BB1FF /* XCRemoteSwiftPackageReference "Superwall-iOS" */;
			productName = SuperwallKit;
		};
		81C9E19B2CFD0128002BB1FF /* RevenueCat */ = {
			isa = XCSwiftPackageProductDependency;
			package = 81C9E19A2CFD0128002BB1FF /* XCRemoteSwiftPackageReference "purchases-ios-spm" */;
			productName = RevenueCat;
		};
		81C9E19D2CFD0128002BB1FF /* RevenueCatUI */ = {
			isa = XCSwiftPackageProductDependency;
			package = 81C9E19A2CFD0128002BB1FF /* XCRemoteSwiftPackageReference "purchases-ios-spm" */;
			productName = RevenueCatUI;
		};
		81EBB1972CF9C9740097A472 /* SVGKit */ = {
			isa = XCSwiftPackageProductDependency;
			package = 81EBB1962CF9C9320097A472 /* XCRemoteSwiftPackageReference "SVGKit" */;
			productName = SVGKit;
		};
		81EBB1992CF9C9740097A472 /* SVGKitSwift */ = {
			isa = XCSwiftPackageProductDependency;
			package = 81EBB1962CF9C9320097A472 /* XCRemoteSwiftPackageReference "SVGKit" */;
			productName = SVGKitSwift;
		};
/* End XCSwiftPackageProductDependency section */
	};
	rootObject = 8131B0562CF3173F003A01B1 /* Project object */;
}
